
Microsoft Visual Studio Solution File, Format Version 12.00
# Visual Studio Version 17
VisualStudioVersion = 17.12.35707.178
MinimumVisualStudioVersion = 10.0.40219.1
Project("{FAE04EC0-301F-11D3-BF4B-00C04F79EFBC}") = "ClassWork_Day2_Example1", "ClassWork\ClassWork_Day2_Example1.csproj", "{4FAE736F-BD2B-4DD3-9271-15194B117A61}"
EndProject
Project("{FAE04EC0-301F-11D3-BF4B-00C04F79EFBC}") = "ClassWork_Day3_Example1", "ClassWork_Day3\ClassWork_Day3_Example1.csproj", "{9364C76C-55BA-48E2-9747-599E7B062D73}"
EndProject
Project("{FAE04EC0-301F-11D3-BF4B-00C04F79EFBC}") = "ClassWork_Day3_Example2", "ClassWork_Dat3_Example2\ClassWork_Day3_Example2.csproj", "{2722B248-FBBE-4A30-B5BD-B67936457ADE}"
EndProject
Project("{FAE04EC0-301F-11D3-BF4B-00C04F79EFBC}") = "ClassWork_Day3_Example3", "ClassWork_Day3_Example3\ClassWork_Day3_Example3.csproj", "{0C87D446-EB54-4CB1-804B-6802E2C126EA}"
EndProject
Project("{FAE04EC0-301F-11D3-BF4B-00C04F79EFBC}") = "ClassWork_Day5_Example1", "ClassWork_Day5\ClassWork_Day5_Example1.csproj", "{1DFC2338-A551-4B15-9CF8-9000ED43582B}"
EndProject
Project("{FAE04EC0-301F-11D3-BF4B-00C04F79EFBC}") = "ClassWork_Day6_Example1", "ClassWork_Day6\ClassWork_Day6_Example1.csproj", "{3B1E1C3F-D360-4115-BA16-57352AC3C0C4}"
EndProject
Project("{FAE04EC0-301F-11D3-BF4B-00C04F79EFBC}") = "ClassWork_Day7_Example1", "ClassWork_Day7_Example1\ClassWork_Day7_Example1.csproj", "{C12C02B5-67BD-4663-A416-29F2D7B2EBE5}"
EndProject
Project("{FAE04EC0-301F-11D3-BF4B-00C04F79EFBC}") = "ClassWork_Day7_Example2", "ClassWork_Day7_Example2\ClassWork_Day7_Example2.csproj", "{2320FE3C-BAB1-43AF-81BA-88414C726B69}"
EndProject
Project("{FAE04EC0-301F-11D3-BF4B-00C04F79EFBC}") = "ClassWork_Day7_Example3", "ClassWork_Day7_Example3\ClassWork_Day7_Example3.csproj", "{54DF02AD-E723-45D7-B3DA-371E9BFB04F1}"
EndProject
Project("{FAE04EC0-301F-11D3-BF4B-00C04F79EFBC}") = "ClassWork_Day7_Example4", "ClassWork_Day7_Example4\ClassWork_Day7_Example4.csproj", "{1490993F-CB2C-4C77-BA06-1A13FE88380A}"
EndProject
Project("{FAE04EC0-301F-11D3-BF4B-00C04F79EFBC}") = "ClassWork_Day7_Example5", "ClassWork_Day7_Example5\ClassWork_Day7_Example5.csproj", "{01712228-76F8-4BE5-B91F-59ADADBD0C5B}"
EndProject
Project("{FAE04EC0-301F-11D3-BF4B-00C04F79EFBC}") = "ClassWork_Day8_Ex1", "ClassWork_Day8_Ex1\ClassWork_Day8_Ex1.csproj", "{66C75E1B-E9B9-4E00-AB03-AF4ECAA18506}"
EndProject
Project("{FAE04EC0-301F-11D3-BF4B-00C04F79EFBC}") = "ClassWork_Day8_Ex5", "ClassWork_Day8_Ex5\ClassWork_Day8_Ex5.csproj", "{FDAE1C41-6683-40EA-901D-73879E984A88}"
EndProject
Project("{FAE04EC0-301F-11D3-BF4B-00C04F79EFBC}") = "ClassWork_Day8_Ex6", "ClassWork_Day8_Ex6\ClassWork_Day8_Ex6.csproj", "{62AD4C19-1B22-48FE-B688-448866109BB2}"
EndProject
Project("{FAE04EC0-301F-11D3-BF4B-00C04F79EFBC}") = "ClassWork_Day9_Ex1", "ClassWork_Day9_Ex1\ClassWork_Day9_Ex1.csproj", "{289D10AE-78FB-455D-ADD8-2777308978F7}"
EndProject
Global
	GlobalSection(SolutionConfigurationPlatforms) = preSolution
		Debug|Any CPU = Debug|Any CPU
		Release|Any CPU = Release|Any CPU
	EndGlobalSection
	GlobalSection(ProjectConfigurationPlatforms) = postSolution
		{4FAE736F-BD2B-4DD3-9271-15194B117A61}.Debug|Any CPU.ActiveCfg = Debug|Any CPU
		{4FAE736F-BD2B-4DD3-9271-15194B117A61}.Debug|Any CPU.Build.0 = Debug|Any CPU
		{4FAE736F-BD2B-4DD3-9271-15194B117A61}.Release|Any CPU.ActiveCfg = Release|Any CPU
		{4FAE736F-BD2B-4DD3-9271-15194B117A61}.Release|Any CPU.Build.0 = Release|Any CPU
		{9364C76C-55BA-48E2-9747-599E7B062D73}.Debug|Any CPU.ActiveCfg = Debug|Any CPU
		{9364C76C-55BA-48E2-9747-599E7B062D73}.Debug|Any CPU.Build.0 = Debug|Any CPU
		{9364C76C-55BA-48E2-9747-599E7B062D73}.Release|Any CPU.ActiveCfg = Release|Any CPU
		{9364C76C-55BA-48E2-9747-599E7B062D73}.Release|Any CPU.Build.0 = Release|Any CPU
		{2722B248-FBBE-4A30-B5BD-B67936457ADE}.Debug|Any CPU.ActiveCfg = Debug|Any CPU
		{2722B248-FBBE-4A30-B5BD-B67936457ADE}.Debug|Any CPU.Build.0 = Debug|Any CPU
		{2722B248-FBBE-4A30-B5BD-B67936457ADE}.Release|Any CPU.ActiveCfg = Release|Any CPU
		{2722B248-FBBE-4A30-B5BD-B67936457ADE}.Release|Any CPU.Build.0 = Release|Any CPU
		{0C87D446-EB54-4CB1-804B-6802E2C126EA}.Debug|Any CPU.ActiveCfg = Debug|Any CPU
		{0C87D446-EB54-4CB1-804B-6802E2C126EA}.Debug|Any CPU.Build.0 = Debug|Any CPU
		{0C87D446-EB54-4CB1-804B-6802E2C126EA}.Release|Any CPU.ActiveCfg = Release|Any CPU
		{0C87D446-EB54-4CB1-804B-6802E2C126EA}.Release|Any CPU.Build.0 = Release|Any CPU
		{1DFC2338-A551-4B15-9CF8-9000ED43582B}.Debug|Any CPU.ActiveCfg = Debug|Any CPU
		{1DFC2338-A551-4B15-9CF8-9000ED43582B}.Debug|Any CPU.Build.0 = Debug|Any CPU
		{1DFC2338-A551-4B15-9CF8-9000ED43582B}.Release|Any CPU.ActiveCfg = Release|Any CPU
		{1DFC2338-A551-4B15-9CF8-9000ED43582B}.Release|Any CPU.Build.0 = Release|Any CPU
		{3B1E1C3F-D360-4115-BA16-57352AC3C0C4}.Debug|Any CPU.ActiveCfg = Debug|Any CPU
		{3B1E1C3F-D360-4115-BA16-57352AC3C0C4}.Debug|Any CPU.Build.0 = Debug|Any CPU
		{3B1E1C3F-D360-4115-BA16-57352AC3C0C4}.Release|Any CPU.ActiveCfg = Release|Any CPU
		{3B1E1C3F-D360-4115-BA16-57352AC3C0C4}.Release|Any CPU.Build.0 = Release|Any CPU
		{C12C02B5-67BD-4663-A416-29F2D7B2EBE5}.Debug|Any CPU.ActiveCfg = Debug|Any CPU
		{C12C02B5-67BD-4663-A416-29F2D7B2EBE5}.Debug|Any CPU.Build.0 = Debug|Any CPU
		{C12C02B5-67BD-4663-A416-29F2D7B2EBE5}.Release|Any CPU.ActiveCfg = Release|Any CPU
		{C12C02B5-67BD-4663-A416-29F2D7B2EBE5}.Release|Any CPU.Build.0 = Release|Any CPU
		{2320FE3C-BAB1-43AF-81BA-88414C726B69}.Debug|Any CPU.ActiveCfg = Debug|Any CPU
		{2320FE3C-BAB1-43AF-81BA-88414C726B69}.Debug|Any CPU.Build.0 = Debug|Any CPU
		{2320FE3C-BAB1-43AF-81BA-88414C726B69}.Release|Any CPU.ActiveCfg = Release|Any CPU
		{2320FE3C-BAB1-43AF-81BA-88414C726B69}.Release|Any CPU.Build.0 = Release|Any CPU
		{54DF02AD-E723-45D7-B3DA-371E9BFB04F1}.Debug|Any CPU.ActiveCfg = Debug|Any CPU
		{54DF02AD-E723-45D7-B3DA-371E9BFB04F1}.Debug|Any CPU.Build.0 = Debug|Any CPU
		{54DF02AD-E723-45D7-B3DA-371E9BFB04F1}.Release|Any CPU.ActiveCfg = Release|Any CPU
		{54DF02AD-E723-45D7-B3DA-371E9BFB04F1}.Release|Any CPU.Build.0 = Release|Any CPU
		{1490993F-CB2C-4C77-BA06-1A13FE88380A}.Debug|Any CPU.ActiveCfg = Debug|Any CPU
		{1490993F-CB2C-4C77-BA06-1A13FE88380A}.Debug|Any CPU.Build.0 = Debug|Any CPU
		{1490993F-CB2C-4C77-BA06-1A13FE88380A}.Release|Any CPU.ActiveCfg = Release|Any CPU
		{1490993F-CB2C-4C77-BA06-1A13FE88380A}.Release|Any CPU.Build.0 = Release|Any CPU
		{01712228-76F8-4BE5-B91F-59ADADBD0C5B}.Debug|Any CPU.ActiveCfg = Debug|Any CPU
		{01712228-76F8-4BE5-B91F-59ADADBD0C5B}.Debug|Any CPU.Build.0 = Debug|Any CPU
		{01712228-76F8-4BE5-B91F-59ADADBD0C5B}.Release|Any CPU.ActiveCfg = Release|Any CPU
		{01712228-76F8-4BE5-B91F-59ADADBD0C5B}.Release|Any CPU.Build.0 = Release|Any CPU
		{66C75E1B-E9B9-4E00-AB03-AF4ECAA18506}.Debug|Any CPU.ActiveCfg = Debug|Any CPU
		{66C75E1B-E9B9-4E00-AB03-AF4ECAA18506}.Debug|Any CPU.Build.0 = Debug|Any CPU
		{66C75E1B-E9B9-4E00-AB03-AF4ECAA18506}.Release|Any CPU.ActiveCfg = Release|Any CPU
		{66C75E1B-E9B9-4E00-AB03-AF4ECAA18506}.Release|Any CPU.Build.0 = Release|Any CPU
		{FDAE1C41-6683-40EA-901D-73879E984A88}.Debug|Any CPU.ActiveCfg = Debug|Any CPU
		{FDAE1C41-6683-40EA-901D-73879E984A88}.Debug|Any CPU.Build.0 = Debug|Any CPU
		{FDAE1C41-6683-40EA-901D-73879E984A88}.Release|Any CPU.ActiveCfg = Release|Any CPU
		{FDAE1C41-6683-40EA-901D-73879E984A88}.Release|Any CPU.Build.0 = Release|Any CPU
		{62AD4C19-1B22-48FE-B688-448866109BB2}.Debug|Any CPU.ActiveCfg = Debug|Any CPU
		{62AD4C19-1B22-48FE-B688-448866109BB2}.Debug|Any CPU.Build.0 = Debug|Any CPU
		{62AD4C19-1B22-48FE-B688-448866109BB2}.Release|Any CPU.ActiveCfg = Release|Any CPU
		{62AD4C19-1B22-48FE-B688-448866109BB2}.Release|Any CPU.Build.0 = Release|Any CPU
		{289D10AE-78FB-455D-ADD8-2777308978F7}.Debug|Any CPU.ActiveCfg = Debug|Any CPU
		{289D10AE-78FB-455D-ADD8-2777308978F7}.Debug|Any CPU.Build.0 = Debug|Any CPU
		{289D10AE-78FB-455D-ADD8-2777308978F7}.Release|Any CPU.ActiveCfg = Release|Any CPU
		{289D10AE-78FB-455D-ADD8-2777308978F7}.Release|Any CPU.Build.0 = Release|Any CPU
	EndGlobalSection
	GlobalSection(SolutionProperties) = preSolution
		HideSolutionNode = FALSE
	EndGlobalSection
EndGlobal
